
Microsoft Visual Studio Solution File, Format Version 12.00
# Visual Studio Version 16
VisualStudioVersion = 16.0.32228.343
MinimumVisualStudioVersion = 10.0.40219.1
Project("{9A19103F-16F7-4668-BE54-9A1E7A4F7556}") = "Car", "Car.csproj", "{9FE682EA-A0A4-4E73-AE4C-939B670CA6A4}"
EndProject
Project("{9A19103F-16F7-4668-BE54-9A1E7A4F7556}") = "CarExtensions", "..\CarExtensions\CarExtensions.csproj", "{0A1444BD-63CA-4891-8DDB-17DA845CE180}"
EndProject
Project("{9A19103F-16F7-4668-BE54-9A1E7A4F7556}") = "Car Constructors", "..\Car Constructors\Car Constructors.csproj", "{8070535A-9534-47AC-A0D0-84CD79B4B2DB}"
EndProject
Project("{9A19103F-16F7-4668-BE54-9A1E7A4F7556}") = "Car Engine and Tires", "..\Car Engine and Tires\Car Engine and Tires.csproj", "{40EF84BC-1985-417E-8229-C71928B4F9FC}"
EndProject
Project("{FAE04EC0-301F-11D3-BF4B-00C04F79EFBC}") = "Special Cars", "..\Special Cars\Special Cars.csproj", "{E224069C-33B3-4E5E-9977-FD40F9EB2F65}"
EndProject
Global
	GlobalSection(SolutionConfigurationPlatforms) = preSolution
		Debug|Any CPU = Debug|Any CPU
		Release|Any CPU = Release|Any CPU
	EndGlobalSection
	GlobalSection(ProjectConfigurationPlatforms) = postSolution
		{9FE682EA-A0A4-4E73-AE4C-939B670CA6A4}.Debug|Any CPU.ActiveCfg = Debug|Any CPU
		{9FE682EA-A0A4-4E73-AE4C-939B670CA6A4}.Debug|Any CPU.Build.0 = Debug|Any CPU
		{9FE682EA-A0A4-4E73-AE4C-939B670CA6A4}.Release|Any CPU.ActiveCfg = Release|Any CPU
		{9FE682EA-A0A4-4E73-AE4C-939B670CA6A4}.Release|Any CPU.Build.0 = Release|Any CPU
		{0A1444BD-63CA-4891-8DDB-17DA845CE180}.Debug|Any CPU.ActiveCfg = Debug|Any CPU
		{0A1444BD-63CA-4891-8DDB-17DA845CE180}.Debug|Any CPU.Build.0 = Debug|Any CPU
		{0A1444BD-63CA-4891-8DDB-17DA845CE180}.Release|Any CPU.ActiveCfg = Release|Any CPU
		{0A1444BD-63CA-4891-8DDB-17DA845CE180}.Release|Any CPU.Build.0 = Release|Any CPU
		{8070535A-9534-47AC-A0D0-84CD79B4B2DB}.Debug|Any CPU.ActiveCfg = Debug|Any CPU
		{8070535A-9534-47AC-A0D0-84CD79B4B2DB}.Debug|Any CPU.Build.0 = Debug|Any CPU
		{8070535A-9534-47AC-A0D0-84CD79B4B2DB}.Release|Any CPU.ActiveCfg = Release|Any CPU
		{8070535A-9534-47AC-A0D0-84CD79B4B2DB}.Release|Any CPU.Build.0 = Release|Any CPU
		{40EF84BC-1985-417E-8229-C71928B4F9FC}.Debug|Any CPU.ActiveCfg = Debug|Any CPU
		{40EF84BC-1985-417E-8229-C71928B4F9FC}.Debug|Any CPU.Build.0 = Debug|Any CPU
		{40EF84BC-1985-417E-8229-C71928B4F9FC}.Release|Any CPU.ActiveCfg = Release|Any CPU
		{40EF84BC-1985-417E-8229-C71928B4F9FC}.Release|Any CPU.Build.0 = Release|Any CPU
		{E224069C-33B3-4E5E-9977-FD40F9EB2F65}.Debug|Any CPU.ActiveCfg = Debug|Any CPU
		{E224069C-33B3-4E5E-9977-FD40F9EB2F65}.Debug|Any CPU.Build.0 = Debug|Any CPU
		{E224069C-33B3-4E5E-9977-FD40F9EB2F65}.Release|Any CPU.ActiveCfg = Release|Any CPU
		{E224069C-33B3-4E5E-9977-FD40F9EB2F65}.Release|Any CPU.Build.0 = Release|Any CPU
	EndGlobalSection
	GlobalSection(SolutionProperties) = preSolution
		HideSolutionNode = FALSE
	EndGlobalSection
	GlobalSection(ExtensibilityGlobals) = postSolution
		SolutionGuid = {B60E6FD8-641E-4B5E-8373-629E52EEB688}
	EndGlobalSection
EndGlobal
