
Microsoft Visual Studio Solution File, Format Version 12.00
# Visual Studio Version 16
VisualStudioVersion = 16.0.31702.278
MinimumVisualStudioVersion = 10.0.40219.1
Project("{FAE04EC0-301F-11D3-BF4B-00C04F79EFBC}") = "Train The Trainers", "Train The Trainers.csproj", "{FC7FB5DA-2A92-4DC9-BB30-61AA4934E283}"
EndProject
Global
	GlobalSection(SolutionConfigurationPlatforms) = preSolution
		Debug|Any CPU = Debug|Any CPU
		Release|Any CPU = Release|Any CPU
	EndGlobalSection
	GlobalSection(ProjectConfigurationPlatforms) = postSolution
		{FC7FB5DA-2A92-4DC9-BB30-61AA4934E283}.Debug|Any CPU.ActiveCfg = Debug|Any CPU
		{FC7FB5DA-2A92-4DC9-BB30-61AA4934E283}.Debug|Any CPU.Build.0 = Debug|Any CPU
		{FC7FB5DA-2A92-4DC9-BB30-61AA4934E283}.Release|Any CPU.ActiveCfg = Release|Any CPU
		{FC7FB5DA-2A92-4DC9-BB30-61AA4934E283}.Release|Any CPU.Build.0 = Release|Any CPU
	EndGlobalSection
	GlobalSection(SolutionProperties) = preSolution
		HideSolutionNode = FALSE
	EndGlobalSection
	GlobalSection(ExtensibilityGlobals) = postSolution
		SolutionGuid = {2CB0DF1A-F0EC-4DB5-B7DF-E9C792814871}
	EndGlobalSection
EndGlobal
