
Microsoft Visual Studio Solution File, Format Version 12.00
# Visual Studio Version 16
VisualStudioVersion = 16.0.31702.278
MinimumVisualStudioVersion = 10.0.40219.1
Project("{FAE04EC0-301F-11D3-BF4B-00C04F79EFBC}") = "Number Pyramid", "Number Pyramid.csproj", "{9A805E4F-B8E2-4DB7-8464-E4309B423EC6}"
EndProject
Global
	GlobalSection(SolutionConfigurationPlatforms) = preSolution
		Debug|Any CPU = Debug|Any CPU
		Release|Any CPU = Release|Any CPU
	EndGlobalSection
	GlobalSection(ProjectConfigurationPlatforms) = postSolution
		{9A805E4F-B8E2-4DB7-8464-E4309B423EC6}.Debug|Any CPU.ActiveCfg = Debug|Any CPU
		{9A805E4F-B8E2-4DB7-8464-E4309B423EC6}.Debug|Any CPU.Build.0 = Debug|Any CPU
		{9A805E4F-B8E2-4DB7-8464-E4309B423EC6}.Release|Any CPU.ActiveCfg = Release|Any CPU
		{9A805E4F-B8E2-4DB7-8464-E4309B423EC6}.Release|Any CPU.Build.0 = Release|Any CPU
	EndGlobalSection
	GlobalSection(SolutionProperties) = preSolution
		HideSolutionNode = FALSE
	EndGlobalSection
	GlobalSection(ExtensibilityGlobals) = postSolution
		SolutionGuid = {51BBE833-B3F2-4352-883B-5653B595836B}
	EndGlobalSection
EndGlobal
