
Microsoft Visual Studio Solution File, Format Version 12.00
# Visual Studio Version 16
VisualStudioVersion = 16.0.31702.278
MinimumVisualStudioVersion = 10.0.40219.1
Project("{FAE04EC0-301F-11D3-BF4B-00C04F79EFBC}") = "Even Powers of 2", "Even Powers of 2.csproj", "{485F0718-2572-4A08-9E9D-A7269BC3B055}"
EndProject
Global
	GlobalSection(SolutionConfigurationPlatforms) = preSolution
		Debug|Any CPU = Debug|Any CPU
		Release|Any CPU = Release|Any CPU
	EndGlobalSection
	GlobalSection(ProjectConfigurationPlatforms) = postSolution
		{485F0718-2572-4A08-9E9D-A7269BC3B055}.Debug|Any CPU.ActiveCfg = Debug|Any CPU
		{485F0718-2572-4A08-9E9D-A7269BC3B055}.Debug|Any CPU.Build.0 = Debug|Any CPU
		{485F0718-2572-4A08-9E9D-A7269BC3B055}.Release|Any CPU.ActiveCfg = Release|Any CPU
		{485F0718-2572-4A08-9E9D-A7269BC3B055}.Release|Any CPU.Build.0 = Release|Any CPU
	EndGlobalSection
	GlobalSection(SolutionProperties) = preSolution
		HideSolutionNode = FALSE
	EndGlobalSection
	GlobalSection(ExtensibilityGlobals) = postSolution
		SolutionGuid = {AAD97C1F-8912-42AB-BD24-F021FBCB9A23}
	EndGlobalSection
EndGlobal
