
Microsoft Visual Studio Solution File, Format Version 12.00
# Visual Studio Version 16
VisualStudioVersion = 16.0.31702.278
MinimumVisualStudioVersion = 10.0.40219.1
Project("{FAE04EC0-301F-11D3-BF4B-00C04F79EFBC}") = "Number 1 with 3 steps", "Number 1 with 3 steps.csproj", "{F8EFFAB9-98E2-4519-8A23-EF660EBC91BA}"
EndProject
Global
	GlobalSection(SolutionConfigurationPlatforms) = preSolution
		Debug|Any CPU = Debug|Any CPU
		Release|Any CPU = Release|Any CPU
	EndGlobalSection
	GlobalSection(ProjectConfigurationPlatforms) = postSolution
		{F8EFFAB9-98E2-4519-8A23-EF660EBC91BA}.Debug|Any CPU.ActiveCfg = Debug|Any CPU
		{F8EFFAB9-98E2-4519-8A23-EF660EBC91BA}.Debug|Any CPU.Build.0 = Debug|Any CPU
		{F8EFFAB9-98E2-4519-8A23-EF660EBC91BA}.Release|Any CPU.ActiveCfg = Release|Any CPU
		{F8EFFAB9-98E2-4519-8A23-EF660EBC91BA}.Release|Any CPU.Build.0 = Release|Any CPU
	EndGlobalSection
	GlobalSection(SolutionProperties) = preSolution
		HideSolutionNode = FALSE
	EndGlobalSection
	GlobalSection(ExtensibilityGlobals) = postSolution
		SolutionGuid = {E8D9E24F-39B3-4915-B90A-D6EE82CE7068}
	EndGlobalSection
EndGlobal
