
Microsoft Visual Studio Solution File, Format Version 12.00
# Visual Studio Version 16
VisualStudioVersion = 16.0.32228.343
MinimumVisualStudioVersion = 10.0.40219.1
Project("{FAE04EC0-301F-11D3-BF4B-00C04F79EFBC}") = "Password resset", "Password resset.csproj", "{D412304B-1FFD-4CE7-92F9-3D6EA5358076}"
EndProject
Project("{FAE04EC0-301F-11D3-BF4B-00C04F79EFBC}") = "Fancy Barcodes", "..\Fancy Barcodes\Fancy Barcodes.csproj", "{9DA87352-D0C2-4491-AE5F-F7E965BFD5C9}"
EndProject
Project("{FAE04EC0-301F-11D3-BF4B-00C04F79EFBC}") = "Heroes of Code and Logic VII", "..\Heroes of Code and Logic VII\Heroes of Code and Logic VII.csproj", "{66B03DFA-9B32-457F-9BD7-2FC9CDD0B562}"
EndProject
Global
	GlobalSection(SolutionConfigurationPlatforms) = preSolution
		Debug|Any CPU = Debug|Any CPU
		Release|Any CPU = Release|Any CPU
	EndGlobalSection
	GlobalSection(ProjectConfigurationPlatforms) = postSolution
		{D412304B-1FFD-4CE7-92F9-3D6EA5358076}.Debug|Any CPU.ActiveCfg = Debug|Any CPU
		{D412304B-1FFD-4CE7-92F9-3D6EA5358076}.Debug|Any CPU.Build.0 = Debug|Any CPU
		{D412304B-1FFD-4CE7-92F9-3D6EA5358076}.Release|Any CPU.ActiveCfg = Release|Any CPU
		{D412304B-1FFD-4CE7-92F9-3D6EA5358076}.Release|Any CPU.Build.0 = Release|Any CPU
		{9DA87352-D0C2-4491-AE5F-F7E965BFD5C9}.Debug|Any CPU.ActiveCfg = Debug|Any CPU
		{9DA87352-D0C2-4491-AE5F-F7E965BFD5C9}.Debug|Any CPU.Build.0 = Debug|Any CPU
		{9DA87352-D0C2-4491-AE5F-F7E965BFD5C9}.Release|Any CPU.ActiveCfg = Release|Any CPU
		{9DA87352-D0C2-4491-AE5F-F7E965BFD5C9}.Release|Any CPU.Build.0 = Release|Any CPU
		{66B03DFA-9B32-457F-9BD7-2FC9CDD0B562}.Debug|Any CPU.ActiveCfg = Debug|Any CPU
		{66B03DFA-9B32-457F-9BD7-2FC9CDD0B562}.Debug|Any CPU.Build.0 = Debug|Any CPU
		{66B03DFA-9B32-457F-9BD7-2FC9CDD0B562}.Release|Any CPU.ActiveCfg = Release|Any CPU
		{66B03DFA-9B32-457F-9BD7-2FC9CDD0B562}.Release|Any CPU.Build.0 = Release|Any CPU
	EndGlobalSection
	GlobalSection(SolutionProperties) = preSolution
		HideSolutionNode = FALSE
	EndGlobalSection
	GlobalSection(ExtensibilityGlobals) = postSolution
		SolutionGuid = {C479F8D9-9F44-4A72-A721-ED381E1BB3D1}
	EndGlobalSection
EndGlobal
