
Microsoft Visual Studio Solution File, Format Version 12.00
# Visual Studio Version 16
VisualStudioVersion = 16.0.31702.278
MinimumVisualStudioVersion = 10.0.40219.1
Project("{FAE04EC0-301F-11D3-BF4B-00C04F79EFBC}") = "volew sum", "volew sum.csproj", "{5486AE1F-4A05-4E4F-BDD7-CDC9DB7F6B17}"
EndProject
Global
	GlobalSection(SolutionConfigurationPlatforms) = preSolution
		Debug|Any CPU = Debug|Any CPU
		Release|Any CPU = Release|Any CPU
	EndGlobalSection
	GlobalSection(ProjectConfigurationPlatforms) = postSolution
		{5486AE1F-4A05-4E4F-BDD7-CDC9DB7F6B17}.Debug|Any CPU.ActiveCfg = Debug|Any CPU
		{5486AE1F-4A05-4E4F-BDD7-CDC9DB7F6B17}.Debug|Any CPU.Build.0 = Debug|Any CPU
		{5486AE1F-4A05-4E4F-BDD7-CDC9DB7F6B17}.Release|Any CPU.ActiveCfg = Release|Any CPU
		{5486AE1F-4A05-4E4F-BDD7-CDC9DB7F6B17}.Release|Any CPU.Build.0 = Release|Any CPU
	EndGlobalSection
	GlobalSection(SolutionProperties) = preSolution
		HideSolutionNode = FALSE
	EndGlobalSection
	GlobalSection(ExtensibilityGlobals) = postSolution
		SolutionGuid = {7EC5651F-7EC6-4662-A442-CBD930C7393D}
	EndGlobalSection
EndGlobal
