
Microsoft Visual Studio Solution File, Format Version 12.00
# Visual Studio Version 16
VisualStudioVersion = 16.0.31702.278
MinimumVisualStudioVersion = 10.0.40219.1
Project("{FAE04EC0-301F-11D3-BF4B-00C04F79EFBC}") = "Trekking Mania", "Trekking Mania.csproj", "{EE056301-0954-4E98-B6F4-407604E05EFC}"
EndProject
Global
	GlobalSection(SolutionConfigurationPlatforms) = preSolution
		Debug|Any CPU = Debug|Any CPU
		Release|Any CPU = Release|Any CPU
	EndGlobalSection
	GlobalSection(ProjectConfigurationPlatforms) = postSolution
		{EE056301-0954-4E98-B6F4-407604E05EFC}.Debug|Any CPU.ActiveCfg = Debug|Any CPU
		{EE056301-0954-4E98-B6F4-407604E05EFC}.Debug|Any CPU.Build.0 = Debug|Any CPU
		{EE056301-0954-4E98-B6F4-407604E05EFC}.Release|Any CPU.ActiveCfg = Release|Any CPU
		{EE056301-0954-4E98-B6F4-407604E05EFC}.Release|Any CPU.Build.0 = Release|Any CPU
	EndGlobalSection
	GlobalSection(SolutionProperties) = preSolution
		HideSolutionNode = FALSE
	EndGlobalSection
	GlobalSection(ExtensibilityGlobals) = postSolution
		SolutionGuid = {49500244-8424-48BF-8222-52A9E140C652}
	EndGlobalSection
EndGlobal
