
Microsoft Visual Studio Solution File, Format Version 12.00
# Visual Studio Version 16
VisualStudioVersion = 16.0.31702.278
MinimumVisualStudioVersion = 10.0.40219.1
Project("{FAE04EC0-301F-11D3-BF4B-00C04F79EFBC}") = "Ski Holiday", "Ski Holiday.csproj", "{68324792-EE4C-46FA-8B60-F068FDE01FAD}"
EndProject
Global
	GlobalSection(SolutionConfigurationPlatforms) = preSolution
		Debug|Any CPU = Debug|Any CPU
		Release|Any CPU = Release|Any CPU
	EndGlobalSection
	GlobalSection(ProjectConfigurationPlatforms) = postSolution
		{68324792-EE4C-46FA-8B60-F068FDE01FAD}.Debug|Any CPU.ActiveCfg = Debug|Any CPU
		{68324792-EE4C-46FA-8B60-F068FDE01FAD}.Debug|Any CPU.Build.0 = Debug|Any CPU
		{68324792-EE4C-46FA-8B60-F068FDE01FAD}.Release|Any CPU.ActiveCfg = Release|Any CPU
		{68324792-EE4C-46FA-8B60-F068FDE01FAD}.Release|Any CPU.Build.0 = Release|Any CPU
	EndGlobalSection
	GlobalSection(SolutionProperties) = preSolution
		HideSolutionNode = FALSE
	EndGlobalSection
	GlobalSection(ExtensibilityGlobals) = postSolution
		SolutionGuid = {0A6674EE-C1C3-480C-B92D-392AE4F7CB86}
	EndGlobalSection
EndGlobal
