
Microsoft Visual Studio Solution File, Format Version 12.00
# Visual Studio Version 16
VisualStudioVersion = 16.0.31702.278
MinimumVisualStudioVersion = 10.0.40219.1
Project("{FAE04EC0-301F-11D3-BF4B-00C04F79EFBC}") = "FishTank", "FishTank.csproj", "{9B1D868B-4C73-428F-8232-3A0CA4BBC333}"
EndProject
Global
	GlobalSection(SolutionConfigurationPlatforms) = preSolution
		Debug|Any CPU = Debug|Any CPU
		Release|Any CPU = Release|Any CPU
	EndGlobalSection
	GlobalSection(ProjectConfigurationPlatforms) = postSolution
		{9B1D868B-4C73-428F-8232-3A0CA4BBC333}.Debug|Any CPU.ActiveCfg = Debug|Any CPU
		{9B1D868B-4C73-428F-8232-3A0CA4BBC333}.Debug|Any CPU.Build.0 = Debug|Any CPU
		{9B1D868B-4C73-428F-8232-3A0CA4BBC333}.Release|Any CPU.ActiveCfg = Release|Any CPU
		{9B1D868B-4C73-428F-8232-3A0CA4BBC333}.Release|Any CPU.Build.0 = Release|Any CPU
	EndGlobalSection
	GlobalSection(SolutionProperties) = preSolution
		HideSolutionNode = FALSE
	EndGlobalSection
	GlobalSection(ExtensibilityGlobals) = postSolution
		SolutionGuid = {21216D4F-DE81-423F-B179-F677F17C837E}
	EndGlobalSection
EndGlobal
