
Microsoft Visual Studio Solution File, Format Version 12.00
# Visual Studio Version 16
VisualStudioVersion = 16.0.31702.278
MinimumVisualStudioVersion = 10.0.40219.1
Project("{FAE04EC0-301F-11D3-BF4B-00C04F79EFBC}") = "SpecialNumbers2", "SpecialNumbers2.csproj", "{7D40BA5A-774A-437B-852B-DDE258D74C90}"
EndProject
Global
	GlobalSection(SolutionConfigurationPlatforms) = preSolution
		Debug|Any CPU = Debug|Any CPU
		Release|Any CPU = Release|Any CPU
	EndGlobalSection
	GlobalSection(ProjectConfigurationPlatforms) = postSolution
		{7D40BA5A-774A-437B-852B-DDE258D74C90}.Debug|Any CPU.ActiveCfg = Debug|Any CPU
		{7D40BA5A-774A-437B-852B-DDE258D74C90}.Debug|Any CPU.Build.0 = Debug|Any CPU
		{7D40BA5A-774A-437B-852B-DDE258D74C90}.Release|Any CPU.ActiveCfg = Release|Any CPU
		{7D40BA5A-774A-437B-852B-DDE258D74C90}.Release|Any CPU.Build.0 = Release|Any CPU
	EndGlobalSection
	GlobalSection(SolutionProperties) = preSolution
		HideSolutionNode = FALSE
	EndGlobalSection
	GlobalSection(ExtensibilityGlobals) = postSolution
		SolutionGuid = {D34BB25A-A0F5-40D8-9356-D04C0ABA1EDB}
	EndGlobalSection
EndGlobal
