
Microsoft Visual Studio Solution File, Format Version 12.00
# Visual Studio Version 16
VisualStudioVersion = 16.0.31702.278
MinimumVisualStudioVersion = 10.0.40219.1
Project("{FAE04EC0-301F-11D3-BF4B-00C04F79EFBC}") = "MaxNumber", "MaxNumber.csproj", "{0FB2B1D7-6FC9-4461-AC2C-307611B0C95F}"
EndProject
Global
	GlobalSection(SolutionConfigurationPlatforms) = preSolution
		Debug|Any CPU = Debug|Any CPU
		Release|Any CPU = Release|Any CPU
	EndGlobalSection
	GlobalSection(ProjectConfigurationPlatforms) = postSolution
		{0FB2B1D7-6FC9-4461-AC2C-307611B0C95F}.Debug|Any CPU.ActiveCfg = Debug|Any CPU
		{0FB2B1D7-6FC9-4461-AC2C-307611B0C95F}.Debug|Any CPU.Build.0 = Debug|Any CPU
		{0FB2B1D7-6FC9-4461-AC2C-307611B0C95F}.Release|Any CPU.ActiveCfg = Release|Any CPU
		{0FB2B1D7-6FC9-4461-AC2C-307611B0C95F}.Release|Any CPU.Build.0 = Release|Any CPU
	EndGlobalSection
	GlobalSection(SolutionProperties) = preSolution
		HideSolutionNode = FALSE
	EndGlobalSection
	GlobalSection(ExtensibilityGlobals) = postSolution
		SolutionGuid = {6EBEA8A1-BEEC-4E68-804B-2E9252A18D93}
	EndGlobalSection
EndGlobal
