
Microsoft Visual Studio Solution File, Format Version 12.00
# Visual Studio Version 16
VisualStudioVersion = 16.0.31702.278
MinimumVisualStudioVersion = 10.0.40219.1
Project("{FAE04EC0-301F-11D3-BF4B-00C04F79EFBC}") = "Account Balance", "Account Balance.csproj", "{B850BA50-F1AA-4795-951B-DCF29EFF2470}"
EndProject
Global
	GlobalSection(SolutionConfigurationPlatforms) = preSolution
		Debug|Any CPU = Debug|Any CPU
		Release|Any CPU = Release|Any CPU
	EndGlobalSection
	GlobalSection(ProjectConfigurationPlatforms) = postSolution
		{B850BA50-F1AA-4795-951B-DCF29EFF2470}.Debug|Any CPU.ActiveCfg = Debug|Any CPU
		{B850BA50-F1AA-4795-951B-DCF29EFF2470}.Debug|Any CPU.Build.0 = Debug|Any CPU
		{B850BA50-F1AA-4795-951B-DCF29EFF2470}.Release|Any CPU.ActiveCfg = Release|Any CPU
		{B850BA50-F1AA-4795-951B-DCF29EFF2470}.Release|Any CPU.Build.0 = Release|Any CPU
	EndGlobalSection
	GlobalSection(SolutionProperties) = preSolution
		HideSolutionNode = FALSE
	EndGlobalSection
	GlobalSection(ExtensibilityGlobals) = postSolution
		SolutionGuid = {D1E86C91-59D2-49A8-B338-EFF763C2A303}
	EndGlobalSection
EndGlobal
