
Microsoft Visual Studio Solution File, Format Version 12.00
# Visual Studio Version 16
VisualStudioVersion = 16.0.31702.278
MinimumVisualStudioVersion = 10.0.40219.1
Project("{FAE04EC0-301F-11D3-BF4B-00C04F79EFBC}") = "ToyShop", "ToyShop.csproj", "{864A8925-0A6E-4271-BCE7-00FBEB860527}"
EndProject
Global
	GlobalSection(SolutionConfigurationPlatforms) = preSolution
		Debug|Any CPU = Debug|Any CPU
		Release|Any CPU = Release|Any CPU
	EndGlobalSection
	GlobalSection(ProjectConfigurationPlatforms) = postSolution
		{864A8925-0A6E-4271-BCE7-00FBEB860527}.Debug|Any CPU.ActiveCfg = Debug|Any CPU
		{864A8925-0A6E-4271-BCE7-00FBEB860527}.Debug|Any CPU.Build.0 = Debug|Any CPU
		{864A8925-0A6E-4271-BCE7-00FBEB860527}.Release|Any CPU.ActiveCfg = Release|Any CPU
		{864A8925-0A6E-4271-BCE7-00FBEB860527}.Release|Any CPU.Build.0 = Release|Any CPU
	EndGlobalSection
	GlobalSection(SolutionProperties) = preSolution
		HideSolutionNode = FALSE
	EndGlobalSection
	GlobalSection(ExtensibilityGlobals) = postSolution
		SolutionGuid = {0DA72662-7EAD-4921-926C-71098E15854D}
	EndGlobalSection
EndGlobal
