
Microsoft Visual Studio Solution File, Format Version 12.00
# Visual Studio Version 16
VisualStudioVersion = 16.0.31702.278
MinimumVisualStudioVersion = 10.0.40219.1
Project("{FAE04EC0-301F-11D3-BF4B-00C04F79EFBC}") = "SumOfTwoNumbers", "SumOfTwoNumbers.csproj", "{47581C70-AC73-49DC-965B-2AD1AB81A08B}"
EndProject
Global
	GlobalSection(SolutionConfigurationPlatforms) = preSolution
		Debug|Any CPU = Debug|Any CPU
		Release|Any CPU = Release|Any CPU
	EndGlobalSection
	GlobalSection(ProjectConfigurationPlatforms) = postSolution
		{47581C70-AC73-49DC-965B-2AD1AB81A08B}.Debug|Any CPU.ActiveCfg = Debug|Any CPU
		{47581C70-AC73-49DC-965B-2AD1AB81A08B}.Debug|Any CPU.Build.0 = Debug|Any CPU
		{47581C70-AC73-49DC-965B-2AD1AB81A08B}.Release|Any CPU.ActiveCfg = Release|Any CPU
		{47581C70-AC73-49DC-965B-2AD1AB81A08B}.Release|Any CPU.Build.0 = Release|Any CPU
	EndGlobalSection
	GlobalSection(SolutionProperties) = preSolution
		HideSolutionNode = FALSE
	EndGlobalSection
	GlobalSection(ExtensibilityGlobals) = postSolution
		SolutionGuid = {C9100987-0727-4CE0-8DE9-6C717A6A1A67}
	EndGlobalSection
EndGlobal
