
Microsoft Visual Studio Solution File, Format Version 12.00
# Visual Studio Version 16
VisualStudioVersion = 16.0.31702.278
MinimumVisualStudioVersion = 10.0.40219.1
Project("{9A19103F-16F7-4668-BE54-9A1E7A4F7556}") = "Easter Lunch", "Easter Lunch.csproj", "{1DD22B42-2E49-4237-9915-7E8376DB869C}"
EndProject
Project("{9A19103F-16F7-4668-BE54-9A1E7A4F7556}") = "EasterParty", "..\EasterParty\EasterParty.csproj", "{A2617992-E6DF-4B2D-AA06-7FE2321CB0BD}"
EndProject
Project("{9A19103F-16F7-4668-BE54-9A1E7A4F7556}") = "Easter Trip", "..\Easter Trip\Easter Trip.csproj", "{4C011037-3EF1-497F-A4F6-E74A5BAD8E8E}"
EndProject
Project("{9A19103F-16F7-4668-BE54-9A1E7A4F7556}") = "Easter eggs battle", "..\Easter eggs battle\Easter eggs battle.csproj", "{B8BB9C66-7A9B-4B3D-9111-BE91EFCE423C}"
EndProject
Project("{9A19103F-16F7-4668-BE54-9A1E7A4F7556}") = "Easter eggs", "..\Easter eggs\Easter eggs.csproj", "{19CA2BE2-009C-4907-A47D-EE5329250D16}"
EndProject
Project("{9A19103F-16F7-4668-BE54-9A1E7A4F7556}") = "EasternCompetition", "..\EasternCompetition\EasternCompetition.csproj", "{CBABDF81-A765-4BF9-896E-B8BCFD701B55}"
EndProject
Project("{9A19103F-16F7-4668-BE54-9A1E7A4F7556}") = "East Bakery", "..\East Bakery\East Bakery.csproj", "{445A2B7F-4EE7-4060-BCE3-57CFA385C603}"
EndProject
Project("{9A19103F-16F7-4668-BE54-9A1E7A4F7556}") = "EasterGuest", "..\EasterGuest\EasterGuest.csproj", "{610AD362-35EE-41AD-AC5A-F01CCC3DA11E}"
EndProject
Project("{9A19103F-16F7-4668-BE54-9A1E7A4F7556}") = "PaintingEggs", "..\PaintingEggs\PaintingEggs.csproj", "{8AA11A9A-7A50-49C4-9C4A-1B7943A908B1}"
EndProject
Project("{9A19103F-16F7-4668-BE54-9A1E7A4F7556}") = "Easter Shop", "..\Easter Shop\Easter Shop.csproj", "{435F9F8C-DE93-4813-BCD0-A00AC582ED22}"
EndProject
Project("{FAE04EC0-301F-11D3-BF4B-00C04F79EFBC}") = "Easter Baker", "..\Easter Baker\Easter Baker.csproj", "{16A647BC-A504-493D-BB69-98F2E3547695}"
EndProject
Project("{FAE04EC0-301F-11D3-BF4B-00C04F79EFBC}") = "EasternDecoration", "..\EasternDecoration\EasternDecoration.csproj", "{4927DA56-8C7B-4657-8120-586339583B4F}"
EndProject
Global
	GlobalSection(SolutionConfigurationPlatforms) = preSolution
		Debug|Any CPU = Debug|Any CPU
		Release|Any CPU = Release|Any CPU
	EndGlobalSection
	GlobalSection(ProjectConfigurationPlatforms) = postSolution
		{1DD22B42-2E49-4237-9915-7E8376DB869C}.Debug|Any CPU.ActiveCfg = Debug|Any CPU
		{1DD22B42-2E49-4237-9915-7E8376DB869C}.Debug|Any CPU.Build.0 = Debug|Any CPU
		{1DD22B42-2E49-4237-9915-7E8376DB869C}.Release|Any CPU.ActiveCfg = Release|Any CPU
		{1DD22B42-2E49-4237-9915-7E8376DB869C}.Release|Any CPU.Build.0 = Release|Any CPU
		{A2617992-E6DF-4B2D-AA06-7FE2321CB0BD}.Debug|Any CPU.ActiveCfg = Debug|Any CPU
		{A2617992-E6DF-4B2D-AA06-7FE2321CB0BD}.Debug|Any CPU.Build.0 = Debug|Any CPU
		{A2617992-E6DF-4B2D-AA06-7FE2321CB0BD}.Release|Any CPU.ActiveCfg = Release|Any CPU
		{A2617992-E6DF-4B2D-AA06-7FE2321CB0BD}.Release|Any CPU.Build.0 = Release|Any CPU
		{4C011037-3EF1-497F-A4F6-E74A5BAD8E8E}.Debug|Any CPU.ActiveCfg = Debug|Any CPU
		{4C011037-3EF1-497F-A4F6-E74A5BAD8E8E}.Debug|Any CPU.Build.0 = Debug|Any CPU
		{4C011037-3EF1-497F-A4F6-E74A5BAD8E8E}.Release|Any CPU.ActiveCfg = Release|Any CPU
		{4C011037-3EF1-497F-A4F6-E74A5BAD8E8E}.Release|Any CPU.Build.0 = Release|Any CPU
		{B8BB9C66-7A9B-4B3D-9111-BE91EFCE423C}.Debug|Any CPU.ActiveCfg = Debug|Any CPU
		{B8BB9C66-7A9B-4B3D-9111-BE91EFCE423C}.Debug|Any CPU.Build.0 = Debug|Any CPU
		{B8BB9C66-7A9B-4B3D-9111-BE91EFCE423C}.Release|Any CPU.ActiveCfg = Release|Any CPU
		{B8BB9C66-7A9B-4B3D-9111-BE91EFCE423C}.Release|Any CPU.Build.0 = Release|Any CPU
		{19CA2BE2-009C-4907-A47D-EE5329250D16}.Debug|Any CPU.ActiveCfg = Debug|Any CPU
		{19CA2BE2-009C-4907-A47D-EE5329250D16}.Debug|Any CPU.Build.0 = Debug|Any CPU
		{19CA2BE2-009C-4907-A47D-EE5329250D16}.Release|Any CPU.ActiveCfg = Release|Any CPU
		{19CA2BE2-009C-4907-A47D-EE5329250D16}.Release|Any CPU.Build.0 = Release|Any CPU
		{CBABDF81-A765-4BF9-896E-B8BCFD701B55}.Debug|Any CPU.ActiveCfg = Debug|Any CPU
		{CBABDF81-A765-4BF9-896E-B8BCFD701B55}.Debug|Any CPU.Build.0 = Debug|Any CPU
		{CBABDF81-A765-4BF9-896E-B8BCFD701B55}.Release|Any CPU.ActiveCfg = Release|Any CPU
		{CBABDF81-A765-4BF9-896E-B8BCFD701B55}.Release|Any CPU.Build.0 = Release|Any CPU
		{445A2B7F-4EE7-4060-BCE3-57CFA385C603}.Debug|Any CPU.ActiveCfg = Debug|Any CPU
		{445A2B7F-4EE7-4060-BCE3-57CFA385C603}.Debug|Any CPU.Build.0 = Debug|Any CPU
		{445A2B7F-4EE7-4060-BCE3-57CFA385C603}.Release|Any CPU.ActiveCfg = Release|Any CPU
		{445A2B7F-4EE7-4060-BCE3-57CFA385C603}.Release|Any CPU.Build.0 = Release|Any CPU
		{610AD362-35EE-41AD-AC5A-F01CCC3DA11E}.Debug|Any CPU.ActiveCfg = Debug|Any CPU
		{610AD362-35EE-41AD-AC5A-F01CCC3DA11E}.Debug|Any CPU.Build.0 = Debug|Any CPU
		{610AD362-35EE-41AD-AC5A-F01CCC3DA11E}.Release|Any CPU.ActiveCfg = Release|Any CPU
		{610AD362-35EE-41AD-AC5A-F01CCC3DA11E}.Release|Any CPU.Build.0 = Release|Any CPU
		{8AA11A9A-7A50-49C4-9C4A-1B7943A908B1}.Debug|Any CPU.ActiveCfg = Debug|Any CPU
		{8AA11A9A-7A50-49C4-9C4A-1B7943A908B1}.Debug|Any CPU.Build.0 = Debug|Any CPU
		{8AA11A9A-7A50-49C4-9C4A-1B7943A908B1}.Release|Any CPU.ActiveCfg = Release|Any CPU
		{8AA11A9A-7A50-49C4-9C4A-1B7943A908B1}.Release|Any CPU.Build.0 = Release|Any CPU
		{435F9F8C-DE93-4813-BCD0-A00AC582ED22}.Debug|Any CPU.ActiveCfg = Debug|Any CPU
		{435F9F8C-DE93-4813-BCD0-A00AC582ED22}.Debug|Any CPU.Build.0 = Debug|Any CPU
		{435F9F8C-DE93-4813-BCD0-A00AC582ED22}.Release|Any CPU.ActiveCfg = Release|Any CPU
		{435F9F8C-DE93-4813-BCD0-A00AC582ED22}.Release|Any CPU.Build.0 = Release|Any CPU
		{16A647BC-A504-493D-BB69-98F2E3547695}.Debug|Any CPU.ActiveCfg = Debug|Any CPU
		{16A647BC-A504-493D-BB69-98F2E3547695}.Debug|Any CPU.Build.0 = Debug|Any CPU
		{16A647BC-A504-493D-BB69-98F2E3547695}.Release|Any CPU.ActiveCfg = Release|Any CPU
		{16A647BC-A504-493D-BB69-98F2E3547695}.Release|Any CPU.Build.0 = Release|Any CPU
		{4927DA56-8C7B-4657-8120-586339583B4F}.Debug|Any CPU.ActiveCfg = Debug|Any CPU
		{4927DA56-8C7B-4657-8120-586339583B4F}.Debug|Any CPU.Build.0 = Debug|Any CPU
		{4927DA56-8C7B-4657-8120-586339583B4F}.Release|Any CPU.ActiveCfg = Release|Any CPU
		{4927DA56-8C7B-4657-8120-586339583B4F}.Release|Any CPU.Build.0 = Release|Any CPU
	EndGlobalSection
	GlobalSection(SolutionProperties) = preSolution
		HideSolutionNode = FALSE
	EndGlobalSection
	GlobalSection(ExtensibilityGlobals) = postSolution
		SolutionGuid = {ABD37A6B-50EA-49EF-A9F3-7391087585D0}
	EndGlobalSection
EndGlobal
