
Microsoft Visual Studio Solution File, Format Version 12.00
# Visual Studio Version 16
VisualStudioVersion = 16.0.31702.278
MinimumVisualStudioVersion = 10.0.40219.1
Project("{FAE04EC0-301F-11D3-BF4B-00C04F79EFBC}") = "Convertor USD to BGN", "Convertor USD to BGN.csproj", "{929EC052-5303-4761-86F5-495A97409D41}"
EndProject
Global
	GlobalSection(SolutionConfigurationPlatforms) = preSolution
		Debug|Any CPU = Debug|Any CPU
		Release|Any CPU = Release|Any CPU
	EndGlobalSection
	GlobalSection(ProjectConfigurationPlatforms) = postSolution
		{929EC052-5303-4761-86F5-495A97409D41}.Debug|Any CPU.ActiveCfg = Debug|Any CPU
		{929EC052-5303-4761-86F5-495A97409D41}.Debug|Any CPU.Build.0 = Debug|Any CPU
		{929EC052-5303-4761-86F5-495A97409D41}.Release|Any CPU.ActiveCfg = Release|Any CPU
		{929EC052-5303-4761-86F5-495A97409D41}.Release|Any CPU.Build.0 = Release|Any CPU
	EndGlobalSection
	GlobalSection(SolutionProperties) = preSolution
		HideSolutionNode = FALSE
	EndGlobalSection
	GlobalSection(ExtensibilityGlobals) = postSolution
		SolutionGuid = {716C8AB2-E7AB-49D8-9650-6ACD7863A40D}
	EndGlobalSection
EndGlobal
