
Microsoft Visual Studio Solution File, Format Version 12.00
# Visual Studio Version 16
VisualStudioVersion = 16.0.32228.343
MinimumVisualStudioVersion = 10.0.40219.1
Project("{FAE04EC0-301F-11D3-BF4B-00C04F79EFBC}") = "BoxOfT", "BoxOfT.csproj", "{F8CCF550-D37D-4DDA-8373-A49EC840CA69}"
EndProject
Project("{FAE04EC0-301F-11D3-BF4B-00C04F79EFBC}") = "GenericArrayCreator", "..\Array Creator\GenericArrayCreator.csproj", "{48FA9BFB-0861-4C0C-99EE-3352E3C3710B}"
EndProject
Project("{FAE04EC0-301F-11D3-BF4B-00C04F79EFBC}") = "GenericScale", "..\GenericScale\GenericScale.csproj", "{CED26200-29B5-47AD-9FD9-D0DBDC456BD0}"
EndProject
Global
	GlobalSection(SolutionConfigurationPlatforms) = preSolution
		Debug|Any CPU = Debug|Any CPU
		Release|Any CPU = Release|Any CPU
	EndGlobalSection
	GlobalSection(ProjectConfigurationPlatforms) = postSolution
		{F8CCF550-D37D-4DDA-8373-A49EC840CA69}.Debug|Any CPU.ActiveCfg = Debug|Any CPU
		{F8CCF550-D37D-4DDA-8373-A49EC840CA69}.Debug|Any CPU.Build.0 = Debug|Any CPU
		{F8CCF550-D37D-4DDA-8373-A49EC840CA69}.Release|Any CPU.ActiveCfg = Release|Any CPU
		{F8CCF550-D37D-4DDA-8373-A49EC840CA69}.Release|Any CPU.Build.0 = Release|Any CPU
		{48FA9BFB-0861-4C0C-99EE-3352E3C3710B}.Debug|Any CPU.ActiveCfg = Debug|Any CPU
		{48FA9BFB-0861-4C0C-99EE-3352E3C3710B}.Debug|Any CPU.Build.0 = Debug|Any CPU
		{48FA9BFB-0861-4C0C-99EE-3352E3C3710B}.Release|Any CPU.ActiveCfg = Release|Any CPU
		{48FA9BFB-0861-4C0C-99EE-3352E3C3710B}.Release|Any CPU.Build.0 = Release|Any CPU
		{CED26200-29B5-47AD-9FD9-D0DBDC456BD0}.Debug|Any CPU.ActiveCfg = Debug|Any CPU
		{CED26200-29B5-47AD-9FD9-D0DBDC456BD0}.Debug|Any CPU.Build.0 = Debug|Any CPU
		{CED26200-29B5-47AD-9FD9-D0DBDC456BD0}.Release|Any CPU.ActiveCfg = Release|Any CPU
		{CED26200-29B5-47AD-9FD9-D0DBDC456BD0}.Release|Any CPU.Build.0 = Release|Any CPU
	EndGlobalSection
	GlobalSection(SolutionProperties) = preSolution
		HideSolutionNode = FALSE
	EndGlobalSection
	GlobalSection(ExtensibilityGlobals) = postSolution
		SolutionGuid = {42E00913-6D56-469F-904B-6BD45F1911B8}
	EndGlobalSection
EndGlobal
