
Microsoft Visual Studio Solution File, Format Version 12.00
# Visual Studio Version 16
VisualStudioVersion = 16.0.31702.278
MinimumVisualStudioVersion = 10.0.40219.1
Project("{FAE04EC0-301F-11D3-BF4B-00C04F79EFBC}") = "SumSeconds", "SumSeconds.csproj", "{BB9F1221-B9DC-4361-B99B-0D59D55A3C1B}"
EndProject
Global
	GlobalSection(SolutionConfigurationPlatforms) = preSolution
		Debug|Any CPU = Debug|Any CPU
		Release|Any CPU = Release|Any CPU
	EndGlobalSection
	GlobalSection(ProjectConfigurationPlatforms) = postSolution
		{BB9F1221-B9DC-4361-B99B-0D59D55A3C1B}.Debug|Any CPU.ActiveCfg = Debug|Any CPU
		{BB9F1221-B9DC-4361-B99B-0D59D55A3C1B}.Debug|Any CPU.Build.0 = Debug|Any CPU
		{BB9F1221-B9DC-4361-B99B-0D59D55A3C1B}.Release|Any CPU.ActiveCfg = Release|Any CPU
		{BB9F1221-B9DC-4361-B99B-0D59D55A3C1B}.Release|Any CPU.Build.0 = Release|Any CPU
	EndGlobalSection
	GlobalSection(SolutionProperties) = preSolution
		HideSolutionNode = FALSE
	EndGlobalSection
	GlobalSection(ExtensibilityGlobals) = postSolution
		SolutionGuid = {38CCBE9B-737E-4C22-8ED4-B730B461F1B6}
	EndGlobalSection
EndGlobal
