
Microsoft Visual Studio Solution File, Format Version 12.00
# Visual Studio Version 16
VisualStudioVersion = 16.0.31702.278
MinimumVisualStudioVersion = 10.0.40219.1
Project("{FAE04EC0-301F-11D3-BF4B-00C04F79EFBC}") = "Travelling", "Travelling.csproj", "{DB7BFE40-5E74-4A4C-8FCF-E99A72B57820}"
EndProject
Global
	GlobalSection(SolutionConfigurationPlatforms) = preSolution
		Debug|Any CPU = Debug|Any CPU
		Release|Any CPU = Release|Any CPU
	EndGlobalSection
	GlobalSection(ProjectConfigurationPlatforms) = postSolution
		{DB7BFE40-5E74-4A4C-8FCF-E99A72B57820}.Debug|Any CPU.ActiveCfg = Debug|Any CPU
		{DB7BFE40-5E74-4A4C-8FCF-E99A72B57820}.Debug|Any CPU.Build.0 = Debug|Any CPU
		{DB7BFE40-5E74-4A4C-8FCF-E99A72B57820}.Release|Any CPU.ActiveCfg = Release|Any CPU
		{DB7BFE40-5E74-4A4C-8FCF-E99A72B57820}.Release|Any CPU.Build.0 = Release|Any CPU
	EndGlobalSection
	GlobalSection(SolutionProperties) = preSolution
		HideSolutionNode = FALSE
	EndGlobalSection
	GlobalSection(ExtensibilityGlobals) = postSolution
		SolutionGuid = {C6E8D8E8-C27F-4A43-90E2-ED6644CD0E2B}
	EndGlobalSection
EndGlobal
