
Microsoft Visual Studio Solution File, Format Version 12.00
# Visual Studio Version 16
VisualStudioVersion = 16.0.31702.278
MinimumVisualStudioVersion = 10.0.40219.1
Project("{FAE04EC0-301F-11D3-BF4B-00C04F79EFBC}") = "Architect", "Architect.csproj", "{DA6580D9-4CE4-413D-91D4-4F0E31923332}"
EndProject
Global
	GlobalSection(SolutionConfigurationPlatforms) = preSolution
		Debug|Any CPU = Debug|Any CPU
		Release|Any CPU = Release|Any CPU
	EndGlobalSection
	GlobalSection(ProjectConfigurationPlatforms) = postSolution
		{DA6580D9-4CE4-413D-91D4-4F0E31923332}.Debug|Any CPU.ActiveCfg = Debug|Any CPU
		{DA6580D9-4CE4-413D-91D4-4F0E31923332}.Debug|Any CPU.Build.0 = Debug|Any CPU
		{DA6580D9-4CE4-413D-91D4-4F0E31923332}.Release|Any CPU.ActiveCfg = Release|Any CPU
		{DA6580D9-4CE4-413D-91D4-4F0E31923332}.Release|Any CPU.Build.0 = Release|Any CPU
	EndGlobalSection
	GlobalSection(SolutionProperties) = preSolution
		HideSolutionNode = FALSE
	EndGlobalSection
	GlobalSection(ExtensibilityGlobals) = postSolution
		SolutionGuid = {E03FEC00-48B2-4000-9872-19BA11D8AEE3}
	EndGlobalSection
EndGlobal
