
Microsoft Visual Studio Solution File, Format Version 12.00
# Visual Studio Version 16
VisualStudioVersion = 16.0.31702.278
MinimumVisualStudioVersion = 10.0.40219.1
Project("{FAE04EC0-301F-11D3-BF4B-00C04F79EFBC}") = "Cake", "Cake.csproj", "{505D596A-AB41-4D7F-AC7A-873D42F66F11}"
EndProject
Global
	GlobalSection(SolutionConfigurationPlatforms) = preSolution
		Debug|Any CPU = Debug|Any CPU
		Release|Any CPU = Release|Any CPU
	EndGlobalSection
	GlobalSection(ProjectConfigurationPlatforms) = postSolution
		{505D596A-AB41-4D7F-AC7A-873D42F66F11}.Debug|Any CPU.ActiveCfg = Debug|Any CPU
		{505D596A-AB41-4D7F-AC7A-873D42F66F11}.Debug|Any CPU.Build.0 = Debug|Any CPU
		{505D596A-AB41-4D7F-AC7A-873D42F66F11}.Release|Any CPU.ActiveCfg = Release|Any CPU
		{505D596A-AB41-4D7F-AC7A-873D42F66F11}.Release|Any CPU.Build.0 = Release|Any CPU
	EndGlobalSection
	GlobalSection(SolutionProperties) = preSolution
		HideSolutionNode = FALSE
	EndGlobalSection
	GlobalSection(ExtensibilityGlobals) = postSolution
		SolutionGuid = {F2DEB02E-0E91-4ACD-8569-BA6520AB6EDD}
	EndGlobalSection
EndGlobal
