
Microsoft Visual Studio Solution File, Format Version 12.00
# Visual Studio Version 16
VisualStudioVersion = 16.0.32228.343
MinimumVisualStudioVersion = 10.0.40219.1
Project("{FAE04EC0-301F-11D3-BF4B-00C04F79EFBC}") = "Sort Even Numbers", "Sort Even Numbers.csproj", "{010B6AAE-02D4-401B-9953-01D2DA065AC9}"
EndProject
Project("{FAE04EC0-301F-11D3-BF4B-00C04F79EFBC}") = "Sum Numbers", "..\Sum Numbers\Sum Numbers.csproj", "{2D52CE22-2EFD-4CB8-9044-215020BA975F}"
EndProject
Project("{FAE04EC0-301F-11D3-BF4B-00C04F79EFBC}") = "Count Uppercase Words", "..\Count Uppercase Words\Count Uppercase Words.csproj", "{8D93B6C2-9B34-403A-AD8A-CCC444B105BD}"
EndProject
Project("{FAE04EC0-301F-11D3-BF4B-00C04F79EFBC}") = "AddVat", "..\AddVat\AddVat.csproj", "{4F4A7420-0BAF-4037-918D-90A59F8000E6}"
EndProject
Project("{FAE04EC0-301F-11D3-BF4B-00C04F79EFBC}") = "Filter by Age", "..\Filter by Age\Filter by Age.csproj", "{579E7477-1FB2-48C7-AD95-B70635AF39C7}"
EndProject
Global
	GlobalSection(SolutionConfigurationPlatforms) = preSolution
		Debug|Any CPU = Debug|Any CPU
		Release|Any CPU = Release|Any CPU
	EndGlobalSection
	GlobalSection(ProjectConfigurationPlatforms) = postSolution
		{010B6AAE-02D4-401B-9953-01D2DA065AC9}.Debug|Any CPU.ActiveCfg = Debug|Any CPU
		{010B6AAE-02D4-401B-9953-01D2DA065AC9}.Debug|Any CPU.Build.0 = Debug|Any CPU
		{010B6AAE-02D4-401B-9953-01D2DA065AC9}.Release|Any CPU.ActiveCfg = Release|Any CPU
		{010B6AAE-02D4-401B-9953-01D2DA065AC9}.Release|Any CPU.Build.0 = Release|Any CPU
		{2D52CE22-2EFD-4CB8-9044-215020BA975F}.Debug|Any CPU.ActiveCfg = Debug|Any CPU
		{2D52CE22-2EFD-4CB8-9044-215020BA975F}.Debug|Any CPU.Build.0 = Debug|Any CPU
		{2D52CE22-2EFD-4CB8-9044-215020BA975F}.Release|Any CPU.ActiveCfg = Release|Any CPU
		{2D52CE22-2EFD-4CB8-9044-215020BA975F}.Release|Any CPU.Build.0 = Release|Any CPU
		{8D93B6C2-9B34-403A-AD8A-CCC444B105BD}.Debug|Any CPU.ActiveCfg = Debug|Any CPU
		{8D93B6C2-9B34-403A-AD8A-CCC444B105BD}.Debug|Any CPU.Build.0 = Debug|Any CPU
		{8D93B6C2-9B34-403A-AD8A-CCC444B105BD}.Release|Any CPU.ActiveCfg = Release|Any CPU
		{8D93B6C2-9B34-403A-AD8A-CCC444B105BD}.Release|Any CPU.Build.0 = Release|Any CPU
		{4F4A7420-0BAF-4037-918D-90A59F8000E6}.Debug|Any CPU.ActiveCfg = Debug|Any CPU
		{4F4A7420-0BAF-4037-918D-90A59F8000E6}.Debug|Any CPU.Build.0 = Debug|Any CPU
		{4F4A7420-0BAF-4037-918D-90A59F8000E6}.Release|Any CPU.ActiveCfg = Release|Any CPU
		{4F4A7420-0BAF-4037-918D-90A59F8000E6}.Release|Any CPU.Build.0 = Release|Any CPU
		{579E7477-1FB2-48C7-AD95-B70635AF39C7}.Debug|Any CPU.ActiveCfg = Debug|Any CPU
		{579E7477-1FB2-48C7-AD95-B70635AF39C7}.Debug|Any CPU.Build.0 = Debug|Any CPU
		{579E7477-1FB2-48C7-AD95-B70635AF39C7}.Release|Any CPU.ActiveCfg = Release|Any CPU
		{579E7477-1FB2-48C7-AD95-B70635AF39C7}.Release|Any CPU.Build.0 = Release|Any CPU
	EndGlobalSection
	GlobalSection(SolutionProperties) = preSolution
		HideSolutionNode = FALSE
	EndGlobalSection
	GlobalSection(ExtensibilityGlobals) = postSolution
		SolutionGuid = {2E01FECB-E079-4FAA-A589-CD7BED41E507}
	EndGlobalSection
EndGlobal
