
Microsoft Visual Studio Solution File, Format Version 12.00
# Visual Studio Version 16
VisualStudioVersion = 16.0.31702.278
MinimumVisualStudioVersion = 10.0.40219.1
Project("{FAE04EC0-301F-11D3-BF4B-00C04F79EFBC}") = "Walking", "Walking.csproj", "{D6FBCFD5-105B-4039-BEDD-C92665F0589F}"
EndProject
Global
	GlobalSection(SolutionConfigurationPlatforms) = preSolution
		Debug|Any CPU = Debug|Any CPU
		Release|Any CPU = Release|Any CPU
	EndGlobalSection
	GlobalSection(ProjectConfigurationPlatforms) = postSolution
		{D6FBCFD5-105B-4039-BEDD-C92665F0589F}.Debug|Any CPU.ActiveCfg = Debug|Any CPU
		{D6FBCFD5-105B-4039-BEDD-C92665F0589F}.Debug|Any CPU.Build.0 = Debug|Any CPU
		{D6FBCFD5-105B-4039-BEDD-C92665F0589F}.Release|Any CPU.ActiveCfg = Release|Any CPU
		{D6FBCFD5-105B-4039-BEDD-C92665F0589F}.Release|Any CPU.Build.0 = Release|Any CPU
	EndGlobalSection
	GlobalSection(SolutionProperties) = preSolution
		HideSolutionNode = FALSE
	EndGlobalSection
	GlobalSection(ExtensibilityGlobals) = postSolution
		SolutionGuid = {8574776E-9CD6-44CC-9973-52464F6BEFC2}
	EndGlobalSection
EndGlobal
