
Microsoft Visual Studio Solution File, Format Version 12.00
# Visual Studio Version 16
VisualStudioVersion = 16.0.31702.278
MinimumVisualStudioVersion = 10.0.40219.1
Project("{FAE04EC0-301F-11D3-BF4B-00C04F79EFBC}") = "Fruit Or Vegetables", "Fruit Or Vegetables.csproj", "{D792B09A-8323-4CBA-81C0-CE0B4CE716D5}"
EndProject
Global
	GlobalSection(SolutionConfigurationPlatforms) = preSolution
		Debug|Any CPU = Debug|Any CPU
		Release|Any CPU = Release|Any CPU
	EndGlobalSection
	GlobalSection(ProjectConfigurationPlatforms) = postSolution
		{D792B09A-8323-4CBA-81C0-CE0B4CE716D5}.Debug|Any CPU.ActiveCfg = Debug|Any CPU
		{D792B09A-8323-4CBA-81C0-CE0B4CE716D5}.Debug|Any CPU.Build.0 = Debug|Any CPU
		{D792B09A-8323-4CBA-81C0-CE0B4CE716D5}.Release|Any CPU.ActiveCfg = Release|Any CPU
		{D792B09A-8323-4CBA-81C0-CE0B4CE716D5}.Release|Any CPU.Build.0 = Release|Any CPU
	EndGlobalSection
	GlobalSection(SolutionProperties) = preSolution
		HideSolutionNode = FALSE
	EndGlobalSection
	GlobalSection(ExtensibilityGlobals) = postSolution
		SolutionGuid = {BB9D0669-FCC7-4018-AFCB-2F3B44F9D310}
	EndGlobalSection
EndGlobal
